{
  "name": "vue-path-recognizer-example",
  "version": "1.0.0",
  "lockfileVersion": 1,
  "requires": true,
  "dependencies": {
    "vue-path-recognizer": {
      "version": "1.0.6",
      "resolved": "https://registry.npmjs.org/vue-path-recognizer/-/vue-path-recognizer-1.0.6.tgz",
      "integrity": "sha512-i55Fo10W1tV/rdkML5ENrjZQrr4RuVqwfkyZBMRmigDyW0PZUgetzq4mStv2vZzmyrHVUMH2hFy0jQimnTXLiQ=="
    }
  }
}
